// !$*UTF8*$!
{
	archiveVersion = 1;
	classes = {
	};
	objectVersion = 56;
	objects = {

/* Begin PBXBuildFile section */
		DC3405352927F5960088E88F /* coffeshopApp.swift in Sources */ = {isa = PBXBuildFile; fileRef = DC3405342927F5960088E88F /* coffeshopApp.swift */; };
		DC3405372927F5960088E88F /* CoffeshopListView.swift in Sources */ = {isa = PBXBuildFile; fileRef = DC3405362927F5960088E88F /* CoffeshopListView.swift */; };
		DC3405392927F5970088E88F /* Assets.xcassets in Resources */ = {isa = PBXBuildFile; fileRef = DC3405382927F5970088E88F /* Assets.xcassets */; };
		DC34053C2927F5970088E88F /* Preview Assets.xcassets in Resources */ = {isa = PBXBuildFile; fileRef = DC34053B2927F5970088E88F /* Preview Assets.xcassets */; };
		DC3405452927F72C0088E88F /* CoffeshopModel.swift in Sources */ = {isa = PBXBuildFile; fileRef = DC3405442927F72C0088E88F /* CoffeshopModel.swift */; };
		DC34054D2929EB800088E88F /* CoffeshopDetailView.swift in Sources */ = {isa = PBXBuildFile; fileRef = DC34054C2929EB800088E88F /* CoffeshopDetailView.swift */; };
		DCFE9C6629370BBC00D9B99A /* CoffeshopMainView.swift in Sources */ = {isa = PBXBuildFile; fileRef = DCFE9C6529370BBC00D9B99A /* CoffeshopMainView.swift */; };
		DCFE9C6D29374D6E00D9B99A /* ActivityView in Frameworks */ = {isa = PBXBuildFile; productRef = DCFE9C6C29374D6E00D9B99A /* ActivityView */; };
/* End PBXBuildFile section */

/* Begin PBXFileReference section */
		DC3405312927F5960088E88F /* coffeshop.app */ = {isa = PBXFileReference; explicitFileType = wrapper.application; includeInIndex = 0; path = coffeshop.app; sourceTree = BUILT_PRODUCTS_DIR; };
		DC3405342927F5960088E88F /* coffeshopApp.swift */ = {isa = PBXFileReference; lastKnownFileType = sourcecode.swift; path = coffeshopApp.swift; sourceTree = "<group>"; };
		DC3405362927F5960088E88F /* CoffeshopListView.swift */ = {isa = PBXFileReference; lastKnownFileType = sourcecode.swift; path = CoffeshopListView.swift; sourceTree = "<group>"; };
		DC3405382927F5970088E88F /* Assets.xcassets */ = {isa = PBXFileReference; lastKnownFileType = folder.assetcatalog; path = Assets.xcassets; sourceTree = "<group>"; };
		DC34053B2927F5970088E88F /* Preview Assets.xcassets */ = {isa = PBXFileReference; lastKnownFileType = folder.assetcatalog; path = "Preview Assets.xcassets"; sourceTree = "<group>"; };
		DC3405442927F72C0088E88F /* CoffeshopModel.swift */ = {isa = PBXFileReference; lastKnownFileType = sourcecode.swift; path = CoffeshopModel.swift; sourceTree = "<group>"; };
		DC34054C2929EB800088E88F /* CoffeshopDetailView.swift */ = {isa = PBXFileReference; lastKnownFileType = sourcecode.swift; path = CoffeshopDetailView.swift; sourceTree = "<group>"; };
		DCFE9C6529370BBC00D9B99A /* CoffeshopMainView.swift */ = {isa = PBXFileReference; lastKnownFileType = sourcecode.swift; path = CoffeshopMainView.swift; sourceTree = "<group>"; };
/* End PBXFileReference section */

/* Begin PBXFrameworksBuildPhase section */
		DC34052E2927F5960088E88F /* Frameworks */ = {
			isa = PBXFrameworksBuildPhase;
			buildActionMask = 2147483647;
			files = (
				DCFE9C6D29374D6E00D9B99A /* ActivityView in Frameworks */,
			);
			runOnlyForDeploymentPostprocessing = 0;
		};
/* End PBXFrameworksBuildPhase section */

/* Begin PBXGroup section */
		DC3405282927F5960088E88F = {
			isa = PBXGroup;
			children = (
				DC3405332927F5960088E88F /* coffeshop */,
				DC3405322927F5960088E88F /* Products */,
			);
			sourceTree = "<group>";
		};
		DC3405322927F5960088E88F /* Products */ = {
			isa = PBXGroup;
			children = (
				DC3405312927F5960088E88F /* coffeshop.app */,
			);
			name = Products;
			sourceTree = "<group>";
		};
		DC3405332927F5960088E88F /* coffeshop */ = {
			isa = PBXGroup;
			children = (
				DC3405432927F71A0088E88F /* Model */,
				DC3405422927F5FF0088E88F /* View */,
				DC3405342927F5960088E88F /* coffeshopApp.swift */,
				DC3405382927F5970088E88F /* Assets.xcassets */,
				DC34053A2927F5970088E88F /* Preview Content */,
			);
			path = coffeshop;
			sourceTree = "<group>";
		};
		DC34053A2927F5970088E88F /* Preview Content */ = {
			isa = PBXGroup;
			children = (
				DC34053B2927F5970088E88F /* Preview Assets.xcassets */,
			);
			path = "Preview Content";
			sourceTree = "<group>";
		};
		DC3405422927F5FF0088E88F /* View */ = {
			isa = PBXGroup;
			children = (
				DC3405362927F5960088E88F /* CoffeshopListView.swift */,
				DC34054C2929EB800088E88F /* CoffeshopDetailView.swift */,
				DCFE9C6529370BBC00D9B99A /* CoffeshopMainView.swift */,
			);
			path = View;
			sourceTree = "<group>";
		};
		DC3405432927F71A0088E88F /* Model */ = {
			isa = PBXGroup;
			children = (
				DC3405442927F72C0088E88F /* CoffeshopModel.swift */,
			);
			path = Model;
			sourceTree = "<group>";
		};
/* End PBXGroup section */

/* Begin PBXNativeTarget section */
		DC3405302927F5960088E88F /* coffeshop */ = {
			isa = PBXNativeTarget;
			buildConfigurationList = DC34053F2927F5970088E88F /* Build configuration list for PBXNativeTarget "coffeshop" */;
			buildPhases = (
				DC34052D2927F5960088E88F /* Sources */,
				DC34052E2927F5960088E88F /* Frameworks */,
				DC34052F2927F5960088E88F /* Resources */,
			);
			buildRules = (
			);
			dependencies = (
			);
			name = coffeshop;
			packageProductDependencies = (
				DCFE9C6C29374D6E00D9B99A /* ActivityView */,
			);
			productName = coffeshop;
			productReference = DC3405312927F5960088E88F /* coffeshop.app */;
			productType = "com.apple.product-type.application";
		};
/* End PBXNativeTarget section */

/* Begin PBXProject section */
		DC3405292927F5960088E88F /* Project object */ = {
			isa = PBXProject;
			attributes = {
				BuildIndependentTargetsInParallel = 1;
				LastSwiftUpdateCheck = 1410;
				LastUpgradeCheck = 1410;
				TargetAttributes = {
					DC3405302927F5960088E88F = {
						CreatedOnToolsVersion = 14.1;
					};
				};
			};
			buildConfigurationList = DC34052C2927F5960088E88F /* Build configuration list for PBXProject "coffeshop" */;
			compatibilityVersion = "Xcode 14.0";
			developmentRegion = en;
			hasScannedForEncodings = 0;
			knownRegions = (
				en,
				Base,
			);
			mainGroup = DC3405282927F5960088E88F;
			packageReferences = (
				DCFE9C6B29374D6E00D9B99A /* XCRemoteSwiftPackageReference "ActivityView" */,
			);
			productRefGroup = DC3405322927F5960088E88F /* Products */;
			projectDirPath = "";
			projectRoot = "";
			targets = (
				DC3405302927F5960088E88F /* coffeshop */,
			);
		};
/* End PBXProject section */

/* Begin PBXResourcesBuildPhase section */
		DC34052F2927F5960088E88F /* Resources */ = {
			isa = PBXResourcesBuildPhase;
			buildActionMask = 2147483647;
			files = (
				DC34053C2927F5970088E88F /* Preview Assets.xcassets in Resources */,
				DC3405392927F5970088E88F /* Assets.xcassets in Resources */,
			);
			runOnlyForDeploymentPostprocessing = 0;
		};
/* End PBXResourcesBuildPhase section */

/* Begin PBXSourcesBuildPhase section */
		DC34052D2927F5960088E88F /* Sources */ = {
			isa = PBXSourcesBuildPhase;
			buildActionMask = 2147483647;
			files = (
				DCFE9C6629370BBC00D9B99A /* CoffeshopMainView.swift in Sources */,
				DC3405452927F72C0088E88F /* CoffeshopModel.swift in Sources */,
				DC3405372927F5960088E88F /* CoffeshopListView.swift in Sources */,
				DC3405352927F5960088E88F /* coffeshopApp.swift in Sources */,
				DC34054D2929EB800088E88F /* CoffeshopDetailView.swift in Sources */,
			);
			runOnlyForDeploymentPostprocessing = 0;
		};
/* End PBXSourcesBuildPhase section */

/* Begin XCBuildConfiguration section */
		DC34053D2927F5970088E88F /* Debug */ = {
			isa = XCBuildConfiguration;
			buildSettings = {
				ALWAYS_SEARCH_USER_PATHS = NO;
				CLANG_ANALYZER_NONNULL = YES;
				CLANG_ANALYZER_NUMBER_OBJECT_CONVERSION = YES_AGGRESSIVE;
				CLANG_CXX_LANGUAGE_STANDARD = "gnu++20";
				CLANG_ENABLE_MODULES = YES;
				CLANG_ENABLE_OBJC_ARC = YES;
				CLANG_ENABLE_OBJC_WEAK = YES;
				CLANG_WARN_BLOCK_CAPTURE_AUTORELEASING = YES;
				CLANG_WARN_BOOL_CONVERSION = YES;
				CLANG_WARN_COMMA = YES;
				CLANG_WARN_CONSTANT_CONVERSION = YES;
				CLANG_WARN_DEPRECATED_OBJC_IMPLEMENTATIONS = YES;
				CLANG_WARN_DIRECT_OBJC_ISA_USAGE = YES_ERROR;
				CLANG_WARN_DOCUMENTATION_COMMENTS = YES;
				CLANG_WARN_EMPTY_BODY = YES;
				CLANG_WARN_ENUM_CONVERSION = YES;
				CLANG_WARN_INFINITE_RECURSION = YES;
				CLANG_WARN_INT_CONVERSION = YES;
				CLANG_WARN_NON_LITERAL_NULL_CONVERSION = YES;
				CLANG_WARN_OBJC_IMPLICIT_RETAIN_SELF = YES;
				CLANG_WARN_OBJC_LITERAL_CONVERSION = YES;
				CLANG_WARN_OBJC_ROOT_CLASS = YES_ERROR;
				CLANG_WARN_QUOTED_INCLUDE_IN_FRAMEWORK_HEADER = YES;
				CLANG_WARN_RANGE_LOOP_ANALYSIS = YES;
				CLANG_WARN_STRICT_PROTOTYPES = YES;
				CLANG_WARN_SUSPICIOUS_MOVE = YES;
				CLANG_WARN_UNGUARDED_AVAILABILITY = YES_AGGRESSIVE;
				CLANG_WARN_UNREACHABLE_CODE = YES;
				CLANG_WARN__DUPLICATE_METHOD_MATCH = YES;
				COPY_PHASE_STRIP = NO;
				DEBUG_INFORMATION_FORMAT = dwarf;
				ENABLE_STRICT_OBJC_MSGSEND = YES;
				ENABLE_TESTABILITY = YES;
				GCC_C_LANGUAGE_STANDARD = gnu11;
				GCC_DYNAMIC_NO_PIC = NO;
				GCC_NO_COMMON_BLOCKS = YES;
				GCC_OPTIMIZATION_LEVEL = 0;
				GCC_PREPROCESSOR_DEFINITIONS = (
					"DEBUG=1",
					"$(inherited)",
				);
				GCC_WARN_64_TO_32_BIT_CONVERSION = YES;
				GCC_WARN_ABOUT_RETURN_TYPE = YES_ERROR;
				GCC_WARN_UNDECLARED_SELECTOR = YES;
				GCC_WARN_UNINITIALIZED_AUTOS = YES_AGGRESSIVE;
				GCC_WARN_UNUSED_FUNCTION = YES;
				GCC_WARN_UNUSED_VARIABLE = YES;
				IPHONEOS_DEPLOYMENT_TARGET = 16.1;
				MTL_ENABLE_DEBUG_INFO = INCLUDE_SOURCE;
				MTL_FAST_MATH = YES;
				ONLY_ACTIVE_ARCH = YES;
				SDKROOT = iphoneos;
				SWIFT_ACTIVE_COMPILATION_CONDITIONS = DEBUG;
				SWIFT_OPTIMIZATION_LEVEL = "-Onone";
			};
			name = Debug;
		};
		DC34053E2927F5970088E88F /* Release */ = {
			isa = XCBuildConfiguration;
			buildSettings = {
				ALWAYS_SEARCH_USER_PATHS = NO;
				CLANG_ANALYZER_NONNULL = YES;
				CLANG_ANALYZER_NUMBER_OBJECT_CONVERSION = YES_AGGRESSIVE;
				CLANG_CXX_LANGUAGE_STANDARD = "gnu++20";
				CLANG_ENABLE_MODULES = YES;
				CLANG_ENABLE_OBJC_ARC = YES;
				CLANG_ENABLE_OBJC_WEAK = YES;
				CLANG_WARN_BLOCK_CAPTURE_AUTORELEASING = YES;
				CLANG_WARN_BOOL_CONVERSION = YES;
				CLANG_WARN_COMMA = YES;
				CLANG_WARN_CONSTANT_CONVERSION = YES;
				CLANG_WARN_DEPRECATED_OBJC_IMPLEMENTATIONS = YES;
				CLANG_WARN_DIRECT_OBJC_ISA_USAGE = YES_ERROR;
				CLANG_WARN_DOCUMENTATION_COMMENTS = YES;
				CLANG_WARN_EMPTY_BODY = YES;
				CLANG_WARN_ENUM_CONVERSION = YES;
				CLANG_WARN_INFINITE_RECURSION = YES;
				CLANG_WARN_INT_CONVERSION = YES;
				CLANG_WARN_NON_LITERAL_NULL_CONVERSION = YES;
				CLANG_WARN_OBJC_IMPLICIT_RETAIN_SELF = YES;
				CLANG_WARN_OBJC_LITERAL_CONVERSION = YES;
				CLANG_WARN_OBJC_ROOT_CLASS = YES_ERROR;
				CLANG_WARN_QUOTED_INCLUDE_IN_FRAMEWORK_HEADER = YES;
				CLANG_WARN_RANGE_LOOP_ANALYSIS = YES;
				CLANG_WARN_STRICT_PROTOTYPES = YES;
				CLANG_WARN_SUSPICIOUS_MOVE = YES;
				CLANG_WARN_UNGUARDED_AVAILABILITY = YES_AGGRESSIVE;
				CLANG_WARN_UNREACHABLE_CODE = YES;
				CLANG_WARN__DUPLICATE_METHOD_MATCH = YES;
				COPY_PHASE_STRIP = NO;
				DEBUG_INFORMATION_FORMAT = "dwarf-with-dsym";
				ENABLE_NS_ASSERTIONS = NO;
				ENABLE_STRICT_OBJC_MSGSEND = YES;
				GCC_C_LANGUAGE_STANDARD = gnu11;
				GCC_NO_COMMON_BLOCKS = YES;
				GCC_WARN_64_TO_32_BIT_CONVERSION = YES;
				GCC_WARN_ABOUT_RETURN_TYPE = YES_ERROR;
				GCC_WARN_UNDECLARED_SELECTOR = YES;
				GCC_WARN_UNINITIALIZED_AUTOS = YES_AGGRESSIVE;
				GCC_WARN_UNUSED_FUNCTION = YES;
				GCC_WARN_UNUSED_VARIABLE = YES;
				IPHONEOS_DEPLOYMENT_TARGET = 16.1;
				MTL_ENABLE_DEBUG_INFO = NO;
				MTL_FAST_MATH = YES;
				SDKROOT = iphoneos;
				SWIFT_COMPILATION_MODE = wholemodule;
				SWIFT_OPTIMIZATION_LEVEL = "-O";
				VALIDATE_PRODUCT = YES;
			};
			name = Release;
		};
		DC3405402927F5970088E88F /* Debug */ = {
			isa = XCBuildConfiguration;
			buildSettings = {
				ASSETCATALOG_COMPILER_APPICON_NAME = AppIcon;
				ASSETCATALOG_COMPILER_GLOBAL_ACCENT_COLOR_NAME = AccentColor;
				CODE_SIGN_STYLE = Automatic;
				CURRENT_PROJECT_VERSION = 1;
				DEVELOPMENT_ASSET_PATHS = "\"coffeshop/Preview Content\"";
				DEVELOPMENT_TEAM = QCQTLM4VJ2;
				ENABLE_PREVIEWS = YES;
				GENERATE_INFOPLIST_FILE = YES;
				INFOPLIST_KEY_UIApplicationSceneManifest_Generation = YES;
				INFOPLIST_KEY_UIApplicationSupportsIndirectInputEvents = YES;
				INFOPLIST_KEY_UILaunchScreen_Generation = YES;
				INFOPLIST_KEY_UISupportedInterfaceOrientations_iPad = "UIInterfaceOrientationPortrait UIInterfaceOrientationPortraitUpsideDown UIInterfaceOrientationLandscapeLeft UIInterfaceOrientationLandscapeRight";
				INFOPLIST_KEY_UISupportedInterfaceOrientations_iPhone = "UIInterfaceOrientationPortrait UIInterfaceOrientationLandscapeLeft UIInterfaceOrientationLandscapeRight";
				LD_RUNPATH_SEARCH_PATHS = (
					"$(inherited)",
					"@executable_path/Frameworks",
				);
				MARKETING_VERSION = 1.0;
				PRODUCT_BUNDLE_IDENTIFIER = com.personal.coffeshop;
				PRODUCT_NAME = "$(TARGET_NAME)";
				SWIFT_EMIT_LOC_STRINGS = YES;
				SWIFT_VERSION = 5.0;
				TARGETED_DEVICE_FAMILY = "1,2";
			};
			name = Debug;
		};
		DC3405412927F5970088E88F /* Release */ = {
			isa = XCBuildConfiguration;
			buildSettings = {
				ASSETCATALOG_COMPILER_APPICON_NAME = AppIcon;
				ASSETCATALOG_COMPILER_GLOBAL_ACCENT_COLOR_NAME = AccentColor;
				CODE_SIGN_STYLE = Automatic;
				CURRENT_PROJECT_VERSION = 1;
				DEVELOPMENT_ASSET_PATHS = "\"coffeshop/Preview Content\"";
				DEVELOPMENT_TEAM = QCQTLM4VJ2;
				ENABLE_PREVIEWS = YES;
				GENERATE_INFOPLIST_FILE = YES;
				INFOPLIST_KEY_UIApplicationSceneManifest_Generation = YES;
				INFOPLIST_KEY_UIApplicationSupportsIndirectInputEvents = YES;
				INFOPLIST_KEY_UILaunchScreen_Generation = YES;
				INFOPLIST_KEY_UISupportedInterfaceOrientations_iPad = "UIInterfaceOrientationPortrait UIInterfaceOrientationPortraitUpsideDown UIInterfaceOrientationLandscapeLeft UIInterfaceOrientationLandscapeRight";
				INFOPLIST_KEY_UISupportedInterfaceOrientations_iPhone = "UIInterfaceOrientationPortrait UIInterfaceOrientationLandscapeLeft UIInterfaceOrientationLandscapeRight";
				LD_RUNPATH_SEARCH_PATHS = (
					"$(inherited)",
					"@executable_path/Frameworks",
				);
				MARKETING_VERSION = 1.0;
				PRODUCT_BUNDLE_IDENTIFIER = com.personal.coffeshop;
				PRODUCT_NAME = "$(TARGET_NAME)";
				SWIFT_EMIT_LOC_STRINGS = YES;
				SWIFT_VERSION = 5.0;
				TARGETED_DEVICE_FAMILY = "1,2";
			};
			name = Release;
		};
/* End XCBuildConfiguration section */

/* Begin XCConfigurationList section */
		DC34052C2927F5960088E88F /* Build configuration list for PBXProject "coffeshop" */ = {
			isa = XCConfigurationList;
			buildConfigurations = (
				DC34053D2927F5970088E88F /* Debug */,
				DC34053E2927F5970088E88F /* Release */,
			);
			defaultConfigurationIsVisible = 0;
			defaultConfigurationName = Release;
		};
		DC34053F2927F5970088E88F /* Build configuration list for PBXNativeTarget "coffeshop" */ = {
			isa = XCConfigurationList;
			buildConfigurations = (
				DC3405402927F5970088E88F /* Debug */,
				DC3405412927F5970088E88F /* Release */,
			);
			defaultConfigurationIsVisible = 0;
			defaultConfigurationName = Release;
		};
/* End XCConfigurationList section */

/* Begin XCRemoteSwiftPackageReference section */
		DCFE9C6B29374D6E00D9B99A /* XCRemoteSwiftPackageReference "ActivityView" */ = {
			isa = XCRemoteSwiftPackageReference;
			repositoryURL = "https://github.com/SwiftUI-Plus/ActivityView";
			requirement = {
				kind = upToNextMajorVersion;
				minimumVersion = 1.0.0;
			};
		};
/* End XCRemoteSwiftPackageReference section */

/* Begin XCSwiftPackageProductDependency section */
		DCFE9C6C29374D6E00D9B99A /* ActivityView */ = {
			isa = XCSwiftPackageProductDependency;
			package = DCFE9C6B29374D6E00D9B99A /* XCRemoteSwiftPackageReference "ActivityView" */;
			productName = ActivityView;
		};
/* End XCSwiftPackageProductDependency section */
	};
	rootObject = DC3405292927F5960088E88F /* Project object */;
}
